
Microsoft Visual Studio Solution File, Format Version 12.00
# Visual Studio Version 16
VisualStudioVersion = 16.0.31105.61
MinimumVisualStudioVersion = 10.0.40219.1
Project("{FAE04EC0-301F-11D3-BF4B-00C04F79EFBC}") = "TP CAI", "TP CAI.csproj", "{004AC3F3-2078-4776-9A6C-1A5242A291D6}"
EndProject
Global
	GlobalSection(SolutionConfigurationPlatforms) = preSolution
		Debug|Any CPU = Debug|Any CPU
		Release|Any CPU = Release|Any CPU
	EndGlobalSection
	GlobalSection(ProjectConfigurationPlatforms) = postSolution
		{004AC3F3-2078-4776-9A6C-1A5242A291D6}.Debug|Any CPU.ActiveCfg = Debug|Any CPU
		{004AC3F3-2078-4776-9A6C-1A5242A291D6}.Debug|Any CPU.Build.0 = Debug|Any CPU
		{004AC3F3-2078-4776-9A6C-1A5242A291D6}.Release|Any CPU.ActiveCfg = Release|Any CPU
		{004AC3F3-2078-4776-9A6C-1A5242A291D6}.Release|Any CPU.Build.0 = Release|Any CPU
	EndGlobalSection
	GlobalSection(SolutionProperties) = preSolution
		HideSolutionNode = FALSE
	EndGlobalSection
	GlobalSection(ExtensibilityGlobals) = postSolution
		SolutionGuid = {C8613FC6-B37A-4D0E-9A28-7FAC19B08C99}
	EndGlobalSection
EndGlobal
